
Microsoft Visual Studio Solution File, Format Version 12.00
# Visual Studio 14
VisualStudioVersion = 14.0.25420.1
MinimumVisualStudioVersion = 10.0.40219.1
Project("{FAE04EC0-301F-11D3-BF4B-00C04F79EFBC}") = "Space Adventures", "Space Adventures\Space Adventures.csproj", "{59FC4DD4-9277-4836-8C43-33F50AA62150}"
EndProject
Global
	GlobalSection(SolutionConfigurationPlatforms) = preSolution
		Debug|x86 = Debug|x86
		Release|x86 = Release|x86
	EndGlobalSection
	GlobalSection(ProjectConfigurationPlatforms) = postSolution
		{59FC4DD4-9277-4836-8C43-33F50AA62150}.Debug|x86.ActiveCfg = Debug|x86
		{59FC4DD4-9277-4836-8C43-33F50AA62150}.Debug|x86.Build.0 = Debug|x86
		{59FC4DD4-9277-4836-8C43-33F50AA62150}.Release|x86.ActiveCfg = Release|x86
		{59FC4DD4-9277-4836-8C43-33F50AA62150}.Release|x86.Build.0 = Release|x86
	EndGlobalSection
	GlobalSection(SolutionProperties) = preSolution
		HideSolutionNode = FALSE
	EndGlobalSection
EndGlobal
